
Microsoft Visual Studio Solution File, Format Version 12.00
# Visual Studio Version 16
VisualStudioVersion = 16.0.29911.84
MinimumVisualStudioVersion = 10.0.40219.1
Project("{FAE04EC0-301F-11D3-BF4B-00C04F79EFBC}") = "BankProg", "BankProg.csproj", "{1CE59094-52E7-4085-A3C5-C7A27B996FE3}"
EndProject
Global
	GlobalSection(SolutionConfigurationPlatforms) = preSolution
		Debug|Any CPU = Debug|Any CPU
		Release|Any CPU = Release|Any CPU
	EndGlobalSection
	GlobalSection(ProjectConfigurationPlatforms) = postSolution
		{1CE59094-52E7-4085-A3C5-C7A27B996FE3}.Debug|Any CPU.ActiveCfg = Debug|Any CPU
		{1CE59094-52E7-4085-A3C5-C7A27B996FE3}.Debug|Any CPU.Build.0 = Debug|Any CPU
		{1CE59094-52E7-4085-A3C5-C7A27B996FE3}.Release|Any CPU.ActiveCfg = Release|Any CPU
		{1CE59094-52E7-4085-A3C5-C7A27B996FE3}.Release|Any CPU.Build.0 = Release|Any CPU
	EndGlobalSection
	GlobalSection(SolutionProperties) = preSolution
		HideSolutionNode = FALSE
	EndGlobalSection
	GlobalSection(ExtensibilityGlobals) = postSolution
		SolutionGuid = {DA2E331A-DA56-4853-9304-DCE3D4DC94F2}
	EndGlobalSection
EndGlobal
